// !$*UTF8*$!
{
	archiveVersion = 1;
	classes = {
	};
	objectVersion = 46;
	objects = {

/* Begin PBXBuildFile section */
		1D1C23601E8FCA5200B431CF /* WUAssemblySpec.m in Sources */ = {isa = PBXBuildFile; fileRef = 1D1C235F1E8FCA5200B431CF /* WUAssemblySpec.m */; };
		1D1C23631E8FCB4300B431CF /* WUService.m in Sources */ = {isa = PBXBuildFile; fileRef = 1D1C23621E8FCB4300B431CF /* WUService.m */; };
		1D1C23661E8FCB9C00B431CF /* RKObjectManager+WuakiConfiguration.m in Sources */ = {isa = PBXBuildFile; fileRef = 1D1C23651E8FCB9C00B431CF /* RKObjectManager+WuakiConfiguration.m */; };
		1D1C23691E8FEC9A00B431CF /* WUStreaming+MappedEntity.m in Sources */ = {isa = PBXBuildFile; fileRef = 1D1C23681E8FEC9A00B431CF /* WUStreaming+MappedEntity.m */; };
		1D1C236B1E8FED4A00B431CF /* streaming.json in Resources */ = {isa = PBXBuildFile; fileRef = 1D1C236A1E8FED4A00B431CF /* streaming.json */; };
		1D2B36301E8FF2E60009316C /* WUTVShow.m in Sources */ = {isa = PBXBuildFile; fileRef = 1D2B362F1E8FF2E60009316C /* WUTVShow.m */; };
		1D2B36331E8FF7C90009316C /* WUClassification.m in Sources */ = {isa = PBXBuildFile; fileRef = 1D2B36321E8FF7C90009316C /* WUClassification.m */; };
		1D2B36361E8FF95C0009316C /* WUGenre.m in Sources */ = {isa = PBXBuildFile; fileRef = 1D2B36351E8FF95C0009316C /* WUGenre.m */; };
		1D2B36391E8FFBB80009316C /* WUIcon.m in Sources */ = {isa = PBXBuildFile; fileRef = 1D2B36381E8FFBB80009316C /* WUIcon.m */; };
		1D2B363C1E8FFDEF0009316C /* WUImage.m in Sources */ = {isa = PBXBuildFile; fileRef = 1D2B363B1E8FFDEF0009316C /* WUImage.m */; };
		1D2B363F1E8FFE680009316C /* WUScore.m in Sources */ = {isa = PBXBuildFile; fileRef = 1D2B363E1E8FFE680009316C /* WUScore.m */; };
		1D2B36421E8FFEB40009316C /* WUSite.m in Sources */ = {isa = PBXBuildFile; fileRef = 1D2B36411E8FFEB40009316C /* WUSite.m */; };
		1D2B36451E8FFF560009316C /* WUSeason.m in Sources */ = {isa = PBXBuildFile; fileRef = 1D2B36441E8FFF560009316C /* WUSeason.m */; };
		1D2B36471E9001840009316C /* tvShow.json in Resources */ = {isa = PBXBuildFile; fileRef = 1D2B36461E9001840009316C /* tvShow.json */; };
		1D2B364A1E9001DB0009316C /* WUTVShowMappingSpec.m in Sources */ = {isa = PBXBuildFile; fileRef = 1D2B36491E9001DB0009316C /* WUTVShowMappingSpec.m */; };
		1D2B364D1E9007C90009316C /* WUClassification+MappedEntity.m in Sources */ = {isa = PBXBuildFile; fileRef = 1D2B364C1E9007C90009316C /* WUClassification+MappedEntity.m */; };
		1D2B36501E9008530009316C /* WUIcon+MappedEntity.m in Sources */ = {isa = PBXBuildFile; fileRef = 1D2B364F1E9008530009316C /* WUIcon+MappedEntity.m */; };
		1D2B36531E9008A00009316C /* WUImage+MappedEntity.m in Sources */ = {isa = PBXBuildFile; fileRef = 1D2B36521E9008A00009316C /* WUImage+MappedEntity.m */; };
		1D2B36561E9008EA0009316C /* WUGenre+MappedEntity.m in Sources */ = {isa = PBXBuildFile; fileRef = 1D2B36551E9008EA0009316C /* WUGenre+MappedEntity.m */; };
		1D2B36591E9009E40009316C /* WUScore+MappedEntity.m in Sources */ = {isa = PBXBuildFile; fileRef = 1D2B36581E9009E40009316C /* WUScore+MappedEntity.m */; };
		1D2B365C1E900A5D0009316C /* WUSeason+MappedEntity.m in Sources */ = {isa = PBXBuildFile; fileRef = 1D2B365B1E900A5D0009316C /* WUSeason+MappedEntity.m */; };
		1D2B365F1E900A6C0009316C /* WUSite+MappedEntity.m in Sources */ = {isa = PBXBuildFile; fileRef = 1D2B365E1E900A6C0009316C /* WUSite+MappedEntity.m */; };
		1D2B36621E900C080009316C /* WUTVShow+MappedEntity.m in Sources */ = {isa = PBXBuildFile; fileRef = 1D2B36611E900C080009316C /* WUTVShow+MappedEntity.m */; };
		1D78A4E01E8FB27400C0790A /* WUStreaming.m in Sources */ = {isa = PBXBuildFile; fileRef = 1D78A4DF1E8FB27400C0790A /* WUStreaming.m */; };
		1D78A4E31E8FB28400C0790A /* WUStreamInfo.m in Sources */ = {isa = PBXBuildFile; fileRef = 1D78A4E21E8FB28400C0790A /* WUStreamInfo.m */; };
		1D78A4E61E8FB30E00C0790A /* WUObject.m in Sources */ = {isa = PBXBuildFile; fileRef = 1D78A4E51E8FB30E00C0790A /* WUObject.m */; };
		1D78A4EB1E8FB75100C0790A /* WUStreamingMappingSpec.m in Sources */ = {isa = PBXBuildFile; fileRef = 1D78A4EA1E8FB75100C0790A /* WUStreamingMappingSpec.m */; };
		1D78A4EF1E8FB80F00C0790A /* INRestKitHelper.m in Sources */ = {isa = PBXBuildFile; fileRef = 1D78A4EE1E8FB80F00C0790A /* INRestKitHelper.m */; };
		1D78A4F11E8FBB1200C0790A /* wuaki.properties in Resources */ = {isa = PBXBuildFile; fileRef = 1D78A4F01E8FBB1200C0790A /* wuaki.properties */; };
		1D78A4F81E8FBB9000C0790A /* WUAssembly.m in Sources */ = {isa = PBXBuildFile; fileRef = 1D78A4F71E8FBB9000C0790A /* WUAssembly.m */; };
		1D78A4FB1E8FBD3000C0790A /* WUTestAssembly.m in Sources */ = {isa = PBXBuildFile; fileRef = 1D78A4FA1E8FBD3000C0790A /* WUTestAssembly.m */; };
		1D78A4FE1E8FBE7400C0790A /* WUStreamInfoMappingSpec.m in Sources */ = {isa = PBXBuildFile; fileRef = 1D78A4FD1E8FBE7400C0790A /* WUStreamInfoMappingSpec.m */; };
		1D78A5001E8FC05A00C0790A /* streamInfo.json in Resources */ = {isa = PBXBuildFile; fileRef = 1D78A4FF1E8FC05A00C0790A /* streamInfo.json */; };
		1D78A5051E8FC14C00C0790A /* WUStreamInfo+MappedEntity.m in Sources */ = {isa = PBXBuildFile; fileRef = 1D78A5041E8FC14C00C0790A /* WUStreamInfo+MappedEntity.m */; };
		1D9726DF1E8E624D00E8917D /* main.m in Sources */ = {isa = PBXBuildFile; fileRef = 1D9726DE1E8E624D00E8917D /* main.m */; };
		1D9727211E8E6D9E00E8917D /* AppDelegate.m in Sources */ = {isa = PBXBuildFile; fileRef = 1D9727161E8E6D9E00E8917D /* AppDelegate.m */; };
		1D9727221E8E6D9E00E8917D /* DetailViewController.m in Sources */ = {isa = PBXBuildFile; fileRef = 1D9727191E8E6D9E00E8917D /* DetailViewController.m */; };
		1D9727231E8E6D9E00E8917D /* MasterViewController.m in Sources */ = {isa = PBXBuildFile; fileRef = 1D97271B1E8E6D9E00E8917D /* MasterViewController.m */; };
		1D9727301E8E6DA600E8917D /* Assets.xcassets in Resources */ = {isa = PBXBuildFile; fileRef = 1D9727261E8E6DA600E8917D /* Assets.xcassets */; };
		1D9727321E8E6DA600E8917D /* LaunchScreen.storyboard in Resources */ = {isa = PBXBuildFile; fileRef = 1D97272B1E8E6DA600E8917D /* LaunchScreen.storyboard */; };
		1D9727331E8E6DA600E8917D /* Main.storyboard in Resources */ = {isa = PBXBuildFile; fileRef = 1D97272D1E8E6DA600E8917D /* Main.storyboard */; };
		1D9727441E8E6DEC00E8917D /* wuakiUITests.m in Sources */ = {isa = PBXBuildFile; fileRef = 1D9727401E8E6DEC00E8917D /* wuakiUITests.m */; };
		1D9727491E8ECE9C00E8917D /* INLogFormatter.m in Sources */ = {isa = PBXBuildFile; fileRef = 1D9727481E8ECE9C00E8917D /* INLogFormatter.m */; };
		1D97274F1E8ED11400E8917D /* INMappedEntitiesCatalog.m in Sources */ = {isa = PBXBuildFile; fileRef = 1D97274C1E8ED11400E8917D /* INMappedEntitiesCatalog.m */; };
		1DA900F31E900F18001EA850 /* WUMovie.m in Sources */ = {isa = PBXBuildFile; fileRef = 1DA900F21E900F18001EA850 /* WUMovie.m */; };
		1DA900F61E900FBD001EA850 /* WUPeople.m in Sources */ = {isa = PBXBuildFile; fileRef = 1DA900F51E900FBD001EA850 /* WUPeople.m */; };
		1DA900F91E90129B001EA850 /* WUMedia.m in Sources */ = {isa = PBXBuildFile; fileRef = 1DA900F81E90129B001EA850 /* WUMedia.m */; };
		1DA900FC1E9016E1001EA850 /* WUMediaInfo.m in Sources */ = {isa = PBXBuildFile; fileRef = 1DA900FB1E9016E1001EA850 /* WUMediaInfo.m */; };
		1DA900FF1E90177B001EA850 /* WULanguage.m in Sources */ = {isa = PBXBuildFile; fileRef = 1DA900FE1E90177B001EA850 /* WULanguage.m */; };
		1DA901021E901809001EA850 /* WUQuality.m in Sources */ = {isa = PBXBuildFile; fileRef = 1DA901011E901809001EA850 /* WUQuality.m */; };
		1DA901051E901845001EA850 /* WUVideoQuality.m in Sources */ = {isa = PBXBuildFile; fileRef = 1DA901041E901845001EA850 /* WUVideoQuality.m */; };
		1DA901081E90185C001EA850 /* WUAudioQuality.m in Sources */ = {isa = PBXBuildFile; fileRef = 1DA901071E90185C001EA850 /* WUAudioQuality.m */; };
		1DA9010B1E901883001EA850 /* WUDRMType.m in Sources */ = {isa = PBXBuildFile; fileRef = 1DA9010A1E901883001EA850 /* WUDRMType.m */; };
		1DA9010E1E90198E001EA850 /* WUContent.m in Sources */ = {isa = PBXBuildFile; fileRef = 1DA9010D1E90198E001EA850 /* WUContent.m */; };
		1DA901101E901A71001EA850 /* movie.json in Resources */ = {isa = PBXBuildFile; fileRef = 1DA9010F1E901A71001EA850 /* movie.json */; };
		1DA901131E901AAD001EA850 /* WUMovieMappingSpec.m in Sources */ = {isa = PBXBuildFile; fileRef = 1DA901121E901AAD001EA850 /* WUMovieMappingSpec.m */; };
		1DA901161E902164001EA850 /* WUAudioQuality+MappedEntity.m in Sources */ = {isa = PBXBuildFile; fileRef = 1DA901151E902164001EA850 /* WUAudioQuality+MappedEntity.m */; };
		1DA9011C1E902204001EA850 /* WUDRMType+MappedEntity.m in Sources */ = {isa = PBXBuildFile; fileRef = 1DA9011B1E902204001EA850 /* WUDRMType+MappedEntity.m */; };
		1DA9011F1E90221A001EA850 /* WULanguage+MappedEntity.m in Sources */ = {isa = PBXBuildFile; fileRef = 1DA9011E1E90221A001EA850 /* WULanguage+MappedEntity.m */; };
		1DA901221E90222C001EA850 /* WUMedia+MappedEntity.m in Sources */ = {isa = PBXBuildFile; fileRef = 1DA901211E90222C001EA850 /* WUMedia+MappedEntity.m */; };
		1DA901251E902239001EA850 /* WUMediaInfo+MappedEntity.m in Sources */ = {isa = PBXBuildFile; fileRef = 1DA901241E902239001EA850 /* WUMediaInfo+MappedEntity.m */; };
		1DA901281E902249001EA850 /* WUMovie+MappedEntity.m in Sources */ = {isa = PBXBuildFile; fileRef = 1DA901271E902249001EA850 /* WUMovie+MappedEntity.m */; };
		1DA9012B1E902267001EA850 /* WUPeople+MappedEntity.m in Sources */ = {isa = PBXBuildFile; fileRef = 1DA9012A1E902267001EA850 /* WUPeople+MappedEntity.m */; };
		1DA9012E1E902277001EA850 /* WUVideoQuality+MappedEntity.m in Sources */ = {isa = PBXBuildFile; fileRef = 1DA9012D1E902277001EA850 /* WUVideoQuality+MappedEntity.m */; };
		30179AED190C69F8202D484A /* libPods-wuaki.a in Frameworks */ = {isa = PBXBuildFile; fileRef = 49AF413C2C23774B12D6F9F6 /* libPods-wuaki.a */; };
		38AEEE6F37A1537DFDF99049 /* libPods-wuakiTests.a in Frameworks */ = {isa = PBXBuildFile; fileRef = FA8BFB4C1B082357B1C210F0 /* libPods-wuakiTests.a */; };
		D97C5FF455833628A7C0C545 /* libPods-wuaki-wuakiTests.a in Frameworks */ = {isa = PBXBuildFile; fileRef = FAC609757444786BEC5C042F /* libPods-wuaki-wuakiTests.a */; };
/* End PBXBuildFile section */

/* Begin PBXContainerItemProxy section */
		1D9726F71E8E624E00E8917D /* PBXContainerItemProxy */ = {
			isa = PBXContainerItemProxy;
			containerPortal = 1D9726D21E8E624D00E8917D /* Project object */;
			proxyType = 1;
			remoteGlobalIDString = 1D9726D91E8E624D00E8917D;
			remoteInfo = wuaki;
		};
		1D9727021E8E624E00E8917D /* PBXContainerItemProxy */ = {
			isa = PBXContainerItemProxy;
			containerPortal = 1D9726D21E8E624D00E8917D /* Project object */;
			proxyType = 1;
			remoteGlobalIDString = 1D9726D91E8E624D00E8917D;
			remoteInfo = wuaki;
		};
/* End PBXContainerItemProxy section */

/* Begin PBXFileReference section */
		1D1C235F1E8FCA5200B431CF /* WUAssemblySpec.m */ = {isa = PBXFileReference; fileEncoding = 4; lastKnownFileType = sourcecode.c.objc; path = WUAssemblySpec.m; sourceTree = "<group>"; };
		1D1C23611E8FCB4300B431CF /* WUService.h */ = {isa = PBXFileReference; fileEncoding = 4; lastKnownFileType = sourcecode.c.h; path = WUService.h; sourceTree = "<group>"; };
		1D1C23621E8FCB4300B431CF /* WUService.m */ = {isa = PBXFileReference; fileEncoding = 4; lastKnownFileType = sourcecode.c.objc; path = WUService.m; sourceTree = "<group>"; };
		1D1C23641E8FCB9C00B431CF /* RKObjectManager+WuakiConfiguration.h */ = {isa = PBXFileReference; fileEncoding = 4; lastKnownFileType = sourcecode.c.h; path = "RKObjectManager+WuakiConfiguration.h"; sourceTree = "<group>"; };
		1D1C23651E8FCB9C00B431CF /* RKObjectManager+WuakiConfiguration.m */ = {isa = PBXFileReference; fileEncoding = 4; lastKnownFileType = sourcecode.c.objc; path = "RKObjectManager+WuakiConfiguration.m"; sourceTree = "<group>"; };
		1D1C23671E8FEC9A00B431CF /* WUStreaming+MappedEntity.h */ = {isa = PBXFileReference; fileEncoding = 4; lastKnownFileType = sourcecode.c.h; path = "WUStreaming+MappedEntity.h"; sourceTree = "<group>"; };
		1D1C23681E8FEC9A00B431CF /* WUStreaming+MappedEntity.m */ = {isa = PBXFileReference; fileEncoding = 4; lastKnownFileType = sourcecode.c.objc; path = "WUStreaming+MappedEntity.m"; sourceTree = "<group>"; };
		1D1C236A1E8FED4A00B431CF /* streaming.json */ = {isa = PBXFileReference; fileEncoding = 4; lastKnownFileType = text.json; path = streaming.json; sourceTree = "<group>"; };
		1D2B362E1E8FF2E60009316C /* WUTVShow.h */ = {isa = PBXFileReference; fileEncoding = 4; lastKnownFileType = sourcecode.c.h; path = WUTVShow.h; sourceTree = "<group>"; };
		1D2B362F1E8FF2E60009316C /* WUTVShow.m */ = {isa = PBXFileReference; fileEncoding = 4; lastKnownFileType = sourcecode.c.objc; path = WUTVShow.m; sourceTree = "<group>"; };
		1D2B36311E8FF7C90009316C /* WUClassification.h */ = {isa = PBXFileReference; fileEncoding = 4; lastKnownFileType = sourcecode.c.h; path = WUClassification.h; sourceTree = "<group>"; };
		1D2B36321E8FF7C90009316C /* WUClassification.m */ = {isa = PBXFileReference; fileEncoding = 4; lastKnownFileType = sourcecode.c.objc; path = WUClassification.m; sourceTree = "<group>"; };
		1D2B36341E8FF95C0009316C /* WUGenre.h */ = {isa = PBXFileReference; fileEncoding = 4; lastKnownFileType = sourcecode.c.h; path = WUGenre.h; sourceTree = "<group>"; };
		1D2B36351E8FF95C0009316C /* WUGenre.m */ = {isa = PBXFileReference; fileEncoding = 4; lastKnownFileType = sourcecode.c.objc; path = WUGenre.m; sourceTree = "<group>"; };
		1D2B36371E8FFBB80009316C /* WUIcon.h */ = {isa = PBXFileReference; fileEncoding = 4; lastKnownFileType = sourcecode.c.h; path = WUIcon.h; sourceTree = "<group>"; };
		1D2B36381E8FFBB80009316C /* WUIcon.m */ = {isa = PBXFileReference; fileEncoding = 4; lastKnownFileType = sourcecode.c.objc; path = WUIcon.m; sourceTree = "<group>"; };
		1D2B363A1E8FFDEF0009316C /* WUImage.h */ = {isa = PBXFileReference; fileEncoding = 4; lastKnownFileType = sourcecode.c.h; path = WUImage.h; sourceTree = "<group>"; };
		1D2B363B1E8FFDEF0009316C /* WUImage.m */ = {isa = PBXFileReference; fileEncoding = 4; lastKnownFileType = sourcecode.c.objc; path = WUImage.m; sourceTree = "<group>"; };
		1D2B363D1E8FFE680009316C /* WUScore.h */ = {isa = PBXFileReference; fileEncoding = 4; lastKnownFileType = sourcecode.c.h; path = WUScore.h; sourceTree = "<group>"; };
		1D2B363E1E8FFE680009316C /* WUScore.m */ = {isa = PBXFileReference; fileEncoding = 4; lastKnownFileType = sourcecode.c.objc; path = WUScore.m; sourceTree = "<group>"; };
		1D2B36401E8FFEB40009316C /* WUSite.h */ = {isa = PBXFileReference; fileEncoding = 4; lastKnownFileType = sourcecode.c.h; path = WUSite.h; sourceTree = "<group>"; };
		1D2B36411E8FFEB40009316C /* WUSite.m */ = {isa = PBXFileReference; fileEncoding = 4; lastKnownFileType = sourcecode.c.objc; path = WUSite.m; sourceTree = "<group>"; };
		1D2B36431E8FFF560009316C /* WUSeason.h */ = {isa = PBXFileReference; fileEncoding = 4; lastKnownFileType = sourcecode.c.h; path = WUSeason.h; sourceTree = "<group>"; };
		1D2B36441E8FFF560009316C /* WUSeason.m */ = {isa = PBXFileReference; fileEncoding = 4; lastKnownFileType = sourcecode.c.objc; path = WUSeason.m; sourceTree = "<group>"; };
		1D2B36461E9001840009316C /* tvShow.json */ = {isa = PBXFileReference; fileEncoding = 4; lastKnownFileType = text.json; path = tvShow.json; sourceTree = "<group>"; };
		1D2B36491E9001DB0009316C /* WUTVShowMappingSpec.m */ = {isa = PBXFileReference; fileEncoding = 4; lastKnownFileType = sourcecode.c.objc; path = WUTVShowMappingSpec.m; sourceTree = "<group>"; };
		1D2B364B1E9007C90009316C /* WUClassification+MappedEntity.h */ = {isa = PBXFileReference; fileEncoding = 4; lastKnownFileType = sourcecode.c.h; path = "WUClassification+MappedEntity.h"; sourceTree = "<group>"; };
		1D2B364C1E9007C90009316C /* WUClassification+MappedEntity.m */ = {isa = PBXFileReference; fileEncoding = 4; lastKnownFileType = sourcecode.c.objc; path = "WUClassification+MappedEntity.m"; sourceTree = "<group>"; };
		1D2B364E1E9008530009316C /* WUIcon+MappedEntity.h */ = {isa = PBXFileReference; fileEncoding = 4; lastKnownFileType = sourcecode.c.h; path = "WUIcon+MappedEntity.h"; sourceTree = "<group>"; };
		1D2B364F1E9008530009316C /* WUIcon+MappedEntity.m */ = {isa = PBXFileReference; fileEncoding = 4; lastKnownFileType = sourcecode.c.objc; path = "WUIcon+MappedEntity.m"; sourceTree = "<group>"; };
		1D2B36511E9008A00009316C /* WUImage+MappedEntity.h */ = {isa = PBXFileReference; fileEncoding = 4; lastKnownFileType = sourcecode.c.h; path = "WUImage+MappedEntity.h"; sourceTree = "<group>"; };
		1D2B36521E9008A00009316C /* WUImage+MappedEntity.m */ = {isa = PBXFileReference; fileEncoding = 4; lastKnownFileType = sourcecode.c.objc; path = "WUImage+MappedEntity.m"; sourceTree = "<group>"; };
		1D2B36541E9008EA0009316C /* WUGenre+MappedEntity.h */ = {isa = PBXFileReference; fileEncoding = 4; lastKnownFileType = sourcecode.c.h; path = "WUGenre+MappedEntity.h"; sourceTree = "<group>"; };
		1D2B36551E9008EA0009316C /* WUGenre+MappedEntity.m */ = {isa = PBXFileReference; fileEncoding = 4; lastKnownFileType = sourcecode.c.objc; path = "WUGenre+MappedEntity.m"; sourceTree = "<group>"; };
		1D2B36571E9009E40009316C /* WUScore+MappedEntity.h */ = {isa = PBXFileReference; fileEncoding = 4; lastKnownFileType = sourcecode.c.h; path = "WUScore+MappedEntity.h"; sourceTree = "<group>"; };
		1D2B36581E9009E40009316C /* WUScore+MappedEntity.m */ = {isa = PBXFileReference; fileEncoding = 4; lastKnownFileType = sourcecode.c.objc; path = "WUScore+MappedEntity.m"; sourceTree = "<group>"; };
		1D2B365A1E900A5D0009316C /* WUSeason+MappedEntity.h */ = {isa = PBXFileReference; fileEncoding = 4; lastKnownFileType = sourcecode.c.h; path = "WUSeason+MappedEntity.h"; sourceTree = "<group>"; };
		1D2B365B1E900A5D0009316C /* WUSeason+MappedEntity.m */ = {isa = PBXFileReference; fileEncoding = 4; lastKnownFileType = sourcecode.c.objc; path = "WUSeason+MappedEntity.m"; sourceTree = "<group>"; };
		1D2B365D1E900A6C0009316C /* WUSite+MappedEntity.h */ = {isa = PBXFileReference; fileEncoding = 4; lastKnownFileType = sourcecode.c.h; path = "WUSite+MappedEntity.h"; sourceTree = "<group>"; };
		1D2B365E1E900A6C0009316C /* WUSite+MappedEntity.m */ = {isa = PBXFileReference; fileEncoding = 4; lastKnownFileType = sourcecode.c.objc; path = "WUSite+MappedEntity.m"; sourceTree = "<group>"; };
		1D2B36601E900C080009316C /* WUTVShow+MappedEntity.h */ = {isa = PBXFileReference; fileEncoding = 4; lastKnownFileType = sourcecode.c.h; path = "WUTVShow+MappedEntity.h"; sourceTree = "<group>"; };
		1D2B36611E900C080009316C /* WUTVShow+MappedEntity.m */ = {isa = PBXFileReference; fileEncoding = 4; lastKnownFileType = sourcecode.c.objc; path = "WUTVShow+MappedEntity.m"; sourceTree = "<group>"; };
		1D78A4DE1E8FB27400C0790A /* WUStreaming.h */ = {isa = PBXFileReference; fileEncoding = 4; lastKnownFileType = sourcecode.c.h; path = WUStreaming.h; sourceTree = "<group>"; };
		1D78A4DF1E8FB27400C0790A /* WUStreaming.m */ = {isa = PBXFileReference; fileEncoding = 4; lastKnownFileType = sourcecode.c.objc; path = WUStreaming.m; sourceTree = "<group>"; };
		1D78A4E11E8FB28400C0790A /* WUStreamInfo.h */ = {isa = PBXFileReference; fileEncoding = 4; lastKnownFileType = sourcecode.c.h; path = WUStreamInfo.h; sourceTree = "<group>"; };
		1D78A4E21E8FB28400C0790A /* WUStreamInfo.m */ = {isa = PBXFileReference; fileEncoding = 4; lastKnownFileType = sourcecode.c.objc; path = WUStreamInfo.m; sourceTree = "<group>"; };
		1D78A4E41E8FB30E00C0790A /* WUObject.h */ = {isa = PBXFileReference; fileEncoding = 4; lastKnownFileType = sourcecode.c.h; path = WUObject.h; sourceTree = "<group>"; };
		1D78A4E51E8FB30E00C0790A /* WUObject.m */ = {isa = PBXFileReference; fileEncoding = 4; lastKnownFileType = sourcecode.c.objc; path = WUObject.m; sourceTree = "<group>"; };
		1D78A4EA1E8FB75100C0790A /* WUStreamingMappingSpec.m */ = {isa = PBXFileReference; fileEncoding = 4; lastKnownFileType = sourcecode.c.objc; path = WUStreamingMappingSpec.m; sourceTree = "<group>"; };
		1D78A4ED1E8FB80F00C0790A /* INRestKitHelper.h */ = {isa = PBXFileReference; fileEncoding = 4; lastKnownFileType = sourcecode.c.h; path = INRestKitHelper.h; sourceTree = "<group>"; };
		1D78A4EE1E8FB80F00C0790A /* INRestKitHelper.m */ = {isa = PBXFileReference; fileEncoding = 4; lastKnownFileType = sourcecode.c.objc; path = INRestKitHelper.m; sourceTree = "<group>"; };
		1D78A4F01E8FBB1200C0790A /* wuaki.properties */ = {isa = PBXFileReference; fileEncoding = 4; lastKnownFileType = text; path = wuaki.properties; sourceTree = "<group>"; };
		1D78A4F61E8FBB9000C0790A /* WUAssembly.h */ = {isa = PBXFileReference; fileEncoding = 4; lastKnownFileType = sourcecode.c.h; path = WUAssembly.h; sourceTree = "<group>"; };
		1D78A4F71E8FBB9000C0790A /* WUAssembly.m */ = {isa = PBXFileReference; fileEncoding = 4; lastKnownFileType = sourcecode.c.objc; path = WUAssembly.m; sourceTree = "<group>"; };
		1D78A4F91E8FBD3000C0790A /* WUTestAssembly.h */ = {isa = PBXFileReference; fileEncoding = 4; lastKnownFileType = sourcecode.c.h; path = WUTestAssembly.h; sourceTree = "<group>"; };
		1D78A4FA1E8FBD3000C0790A /* WUTestAssembly.m */ = {isa = PBXFileReference; fileEncoding = 4; lastKnownFileType = sourcecode.c.objc; path = WUTestAssembly.m; sourceTree = "<group>"; };
		1D78A4FD1E8FBE7400C0790A /* WUStreamInfoMappingSpec.m */ = {isa = PBXFileReference; fileEncoding = 4; lastKnownFileType = sourcecode.c.objc; path = WUStreamInfoMappingSpec.m; sourceTree = "<group>"; };
		1D78A4FF1E8FC05A00C0790A /* streamInfo.json */ = {isa = PBXFileReference; fileEncoding = 4; lastKnownFileType = text.json; path = streamInfo.json; sourceTree = "<group>"; };
		1D78A5031E8FC14C00C0790A /* WUStreamInfo+MappedEntity.h */ = {isa = PBXFileReference; fileEncoding = 4; lastKnownFileType = sourcecode.c.h; path = "WUStreamInfo+MappedEntity.h"; sourceTree = "<group>"; };
		1D78A5041E8FC14C00C0790A /* WUStreamInfo+MappedEntity.m */ = {isa = PBXFileReference; fileEncoding = 4; lastKnownFileType = sourcecode.c.objc; path = "WUStreamInfo+MappedEntity.m"; sourceTree = "<group>"; };
		1D9726DA1E8E624D00E8917D /* wuaki.app */ = {isa = PBXFileReference; explicitFileType = wrapper.application; includeInIndex = 0; path = wuaki.app; sourceTree = BUILT_PRODUCTS_DIR; };
		1D9726DE1E8E624D00E8917D /* main.m */ = {isa = PBXFileReference; lastKnownFileType = sourcecode.c.objc; path = main.m; sourceTree = "<group>"; };
		1D9726F61E8E624E00E8917D /* wuakiTests.xctest */ = {isa = PBXFileReference; explicitFileType = wrapper.cfbundle; includeInIndex = 0; path = wuakiTests.xctest; sourceTree = BUILT_PRODUCTS_DIR; };
		1D9727011E8E624E00E8917D /* wuakiUITests.xctest */ = {isa = PBXFileReference; explicitFileType = wrapper.cfbundle; includeInIndex = 0; path = wuakiUITests.xctest; sourceTree = BUILT_PRODUCTS_DIR; };
		1D9727151E8E6D9E00E8917D /* AppDelegate.h */ = {isa = PBXFileReference; fileEncoding = 4; lastKnownFileType = sourcecode.c.h; path = AppDelegate.h; sourceTree = "<group>"; };
		1D9727161E8E6D9E00E8917D /* AppDelegate.m */ = {isa = PBXFileReference; fileEncoding = 4; lastKnownFileType = sourcecode.c.objc; path = AppDelegate.m; sourceTree = "<group>"; };
		1D9727181E8E6D9E00E8917D /* DetailViewController.h */ = {isa = PBXFileReference; fileEncoding = 4; lastKnownFileType = sourcecode.c.h; path = DetailViewController.h; sourceTree = "<group>"; };
		1D9727191E8E6D9E00E8917D /* DetailViewController.m */ = {isa = PBXFileReference; fileEncoding = 4; lastKnownFileType = sourcecode.c.objc; path = DetailViewController.m; sourceTree = "<group>"; };
		1D97271A1E8E6D9E00E8917D /* MasterViewController.h */ = {isa = PBXFileReference; fileEncoding = 4; lastKnownFileType = sourcecode.c.h; path = MasterViewController.h; sourceTree = "<group>"; };
		1D97271B1E8E6D9E00E8917D /* MasterViewController.m */ = {isa = PBXFileReference; fileEncoding = 4; lastKnownFileType = sourcecode.c.objc; path = MasterViewController.m; sourceTree = "<group>"; };
		1D9727261E8E6DA600E8917D /* Assets.xcassets */ = {isa = PBXFileReference; lastKnownFileType = folder.assetcatalog; path = Assets.xcassets; sourceTree = "<group>"; };
		1D9727281E8E6DA600E8917D /* Info.plist */ = {isa = PBXFileReference; fileEncoding = 4; lastKnownFileType = text.plist.xml; path = Info.plist; sourceTree = "<group>"; };
		1D97272C1E8E6DA600E8917D /* Base */ = {isa = PBXFileReference; lastKnownFileType = file.storyboard; name = Base; path = Base.lproj/LaunchScreen.storyboard; sourceTree = "<group>"; };
		1D97272E1E8E6DA600E8917D /* Base */ = {isa = PBXFileReference; lastKnownFileType = file.storyboard; name = Base; path = Base.lproj/Main.storyboard; sourceTree = "<group>"; };
		1D9727391E8E6DD800E8917D /* Info.plist */ = {isa = PBXFileReference; fileEncoding = 4; lastKnownFileType = text.plist.xml; path = Info.plist; sourceTree = "<group>"; };
		1D9727401E8E6DEC00E8917D /* wuakiUITests.m */ = {isa = PBXFileReference; fileEncoding = 4; lastKnownFileType = sourcecode.c.objc; path = wuakiUITests.m; sourceTree = "<group>"; };
		1D9727431E8E6DEC00E8917D /* Info.plist */ = {isa = PBXFileReference; fileEncoding = 4; lastKnownFileType = text.plist.xml; path = Info.plist; sourceTree = "<group>"; };
		1D9727471E8ECE9C00E8917D /* INLogFormatter.h */ = {isa = PBXFileReference; fileEncoding = 4; lastKnownFileType = sourcecode.c.h; path = INLogFormatter.h; sourceTree = "<group>"; };
		1D9727481E8ECE9C00E8917D /* INLogFormatter.m */ = {isa = PBXFileReference; fileEncoding = 4; lastKnownFileType = sourcecode.c.objc; path = INLogFormatter.m; sourceTree = "<group>"; };
		1D97274B1E8ED11400E8917D /* INMappedEntitiesCatalog.h */ = {isa = PBXFileReference; fileEncoding = 4; lastKnownFileType = sourcecode.c.h; path = INMappedEntitiesCatalog.h; sourceTree = "<group>"; };
		1D97274C1E8ED11400E8917D /* INMappedEntitiesCatalog.m */ = {isa = PBXFileReference; fileEncoding = 4; lastKnownFileType = sourcecode.c.objc; path = INMappedEntitiesCatalog.m; sourceTree = "<group>"; };
		1D97274D1E8ED11400E8917D /* INMappedEntity.h */ = {isa = PBXFileReference; fileEncoding = 4; lastKnownFileType = sourcecode.c.h; path = INMappedEntity.h; sourceTree = "<group>"; };
		1D97274E1E8ED11400E8917D /* INMappingCatalog.h */ = {isa = PBXFileReference; fileEncoding = 4; lastKnownFileType = sourcecode.c.h; path = INMappingCatalog.h; sourceTree = "<group>"; };
		1DA900F11E900F18001EA850 /* WUMovie.h */ = {isa = PBXFileReference; fileEncoding = 4; lastKnownFileType = sourcecode.c.h; path = WUMovie.h; sourceTree = "<group>"; };
		1DA900F21E900F18001EA850 /* WUMovie.m */ = {isa = PBXFileReference; fileEncoding = 4; lastKnownFileType = sourcecode.c.objc; path = WUMovie.m; sourceTree = "<group>"; };
		1DA900F41E900FBD001EA850 /* WUPeople.h */ = {isa = PBXFileReference; fileEncoding = 4; lastKnownFileType = sourcecode.c.h; path = WUPeople.h; sourceTree = "<group>"; };
		1DA900F51E900FBD001EA850 /* WUPeople.m */ = {isa = PBXFileReference; fileEncoding = 4; lastKnownFileType = sourcecode.c.objc; path = WUPeople.m; sourceTree = "<group>"; };
		1DA900F71E90129B001EA850 /* WUMedia.h */ = {isa = PBXFileReference; fileEncoding = 4; lastKnownFileType = sourcecode.c.h; path = WUMedia.h; sourceTree = "<group>"; };
		1DA900F81E90129B001EA850 /* WUMedia.m */ = {isa = PBXFileReference; fileEncoding = 4; lastKnownFileType = sourcecode.c.objc; path = WUMedia.m; sourceTree = "<group>"; };
		1DA900FA1E9016E1001EA850 /* WUMediaInfo.h */ = {isa = PBXFileReference; fileEncoding = 4; lastKnownFileType = sourcecode.c.h; path = WUMediaInfo.h; sourceTree = "<group>"; };
		1DA900FB1E9016E1001EA850 /* WUMediaInfo.m */ = {isa = PBXFileReference; fileEncoding = 4; lastKnownFileType = sourcecode.c.objc; path = WUMediaInfo.m; sourceTree = "<group>"; };
		1DA900FD1E90177B001EA850 /* WULanguage.h */ = {isa = PBXFileReference; fileEncoding = 4; lastKnownFileType = sourcecode.c.h; path = WULanguage.h; sourceTree = "<group>"; };
		1DA900FE1E90177B001EA850 /* WULanguage.m */ = {isa = PBXFileReference; fileEncoding = 4; lastKnownFileType = sourcecode.c.objc; path = WULanguage.m; sourceTree = "<group>"; };
		1DA901001E901809001EA850 /* WUQuality.h */ = {isa = PBXFileReference; fileEncoding = 4; lastKnownFileType = sourcecode.c.h; path = WUQuality.h; sourceTree = "<group>"; };
		1DA901011E901809001EA850 /* WUQuality.m */ = {isa = PBXFileReference; fileEncoding = 4; lastKnownFileType = sourcecode.c.objc; path = WUQuality.m; sourceTree = "<group>"; };
		1DA901031E901845001EA850 /* WUVideoQuality.h */ = {isa = PBXFileReference; fileEncoding = 4; lastKnownFileType = sourcecode.c.h; path = WUVideoQuality.h; sourceTree = "<group>"; };
		1DA901041E901845001EA850 /* WUVideoQuality.m */ = {isa = PBXFileReference; fileEncoding = 4; lastKnownFileType = sourcecode.c.objc; path = WUVideoQuality.m; sourceTree = "<group>"; };
		1DA901061E90185C001EA850 /* WUAudioQuality.h */ = {isa = PBXFileReference; fileEncoding = 4; lastKnownFileType = sourcecode.c.h; path = WUAudioQuality.h; sourceTree = "<group>"; };
		1DA901071E90185C001EA850 /* WUAudioQuality.m */ = {isa = PBXFileReference; fileEncoding = 4; lastKnownFileType = sourcecode.c.objc; path = WUAudioQuality.m; sourceTree = "<group>"; };
		1DA901091E901883001EA850 /* WUDRMType.h */ = {isa = PBXFileReference; fileEncoding = 4; lastKnownFileType = sourcecode.c.h; path = WUDRMType.h; sourceTree = "<group>"; };
		1DA9010A1E901883001EA850 /* WUDRMType.m */ = {isa = PBXFileReference; fileEncoding = 4; lastKnownFileType = sourcecode.c.objc; path = WUDRMType.m; sourceTree = "<group>"; };
		1DA9010C1E90198E001EA850 /* WUContent.h */ = {isa = PBXFileReference; fileEncoding = 4; lastKnownFileType = sourcecode.c.h; path = WUContent.h; sourceTree = "<group>"; };
		1DA9010D1E90198E001EA850 /* WUContent.m */ = {isa = PBXFileReference; fileEncoding = 4; lastKnownFileType = sourcecode.c.objc; path = WUContent.m; sourceTree = "<group>"; };
		1DA9010F1E901A71001EA850 /* movie.json */ = {isa = PBXFileReference; fileEncoding = 4; lastKnownFileType = text.json; path = movie.json; sourceTree = "<group>"; };
		1DA901121E901AAD001EA850 /* WUMovieMappingSpec.m */ = {isa = PBXFileReference; fileEncoding = 4; lastKnownFileType = sourcecode.c.objc; path = WUMovieMappingSpec.m; sourceTree = "<group>"; };
		1DA901141E902164001EA850 /* WUAudioQuality+MappedEntity.h */ = {isa = PBXFileReference; fileEncoding = 4; lastKnownFileType = sourcecode.c.h; path = "WUAudioQuality+MappedEntity.h"; sourceTree = "<group>"; };
		1DA901151E902164001EA850 /* WUAudioQuality+MappedEntity.m */ = {isa = PBXFileReference; fileEncoding = 4; lastKnownFileType = sourcecode.c.objc; path = "WUAudioQuality+MappedEntity.m"; sourceTree = "<group>"; };
		1DA9011A1E902204001EA850 /* WUDRMType+MappedEntity.h */ = {isa = PBXFileReference; fileEncoding = 4; lastKnownFileType = sourcecode.c.h; path = "WUDRMType+MappedEntity.h"; sourceTree = "<group>"; };
		1DA9011B1E902204001EA850 /* WUDRMType+MappedEntity.m */ = {isa = PBXFileReference; fileEncoding = 4; lastKnownFileType = sourcecode.c.objc; path = "WUDRMType+MappedEntity.m"; sourceTree = "<group>"; };
		1DA9011D1E90221A001EA850 /* WULanguage+MappedEntity.h */ = {isa = PBXFileReference; fileEncoding = 4; lastKnownFileType = sourcecode.c.h; path = "WULanguage+MappedEntity.h"; sourceTree = "<group>"; };
		1DA9011E1E90221A001EA850 /* WULanguage+MappedEntity.m */ = {isa = PBXFileReference; fileEncoding = 4; lastKnownFileType = sourcecode.c.objc; path = "WULanguage+MappedEntity.m"; sourceTree = "<group>"; };
		1DA901201E90222C001EA850 /* WUMedia+MappedEntity.h */ = {isa = PBXFileReference; fileEncoding = 4; lastKnownFileType = sourcecode.c.h; path = "WUMedia+MappedEntity.h"; sourceTree = "<group>"; };
		1DA901211E90222C001EA850 /* WUMedia+MappedEntity.m */ = {isa = PBXFileReference; fileEncoding = 4; lastKnownFileType = sourcecode.c.objc; path = "WUMedia+MappedEntity.m"; sourceTree = "<group>"; };
		1DA901231E902239001EA850 /* WUMediaInfo+MappedEntity.h */ = {isa = PBXFileReference; fileEncoding = 4; lastKnownFileType = sourcecode.c.h; path = "WUMediaInfo+MappedEntity.h"; sourceTree = "<group>"; };
		1DA901241E902239001EA850 /* WUMediaInfo+MappedEntity.m */ = {isa = PBXFileReference; fileEncoding = 4; lastKnownFileType = sourcecode.c.objc; path = "WUMediaInfo+MappedEntity.m"; sourceTree = "<group>"; };
		1DA901261E902249001EA850 /* WUMovie+MappedEntity.h */ = {isa = PBXFileReference; fileEncoding = 4; lastKnownFileType = sourcecode.c.h; path = "WUMovie+MappedEntity.h"; sourceTree = "<group>"; };
		1DA901271E902249001EA850 /* WUMovie+MappedEntity.m */ = {isa = PBXFileReference; fileEncoding = 4; lastKnownFileType = sourcecode.c.objc; path = "WUMovie+MappedEntity.m"; sourceTree = "<group>"; };
		1DA901291E902267001EA850 /* WUPeople+MappedEntity.h */ = {isa = PBXFileReference; fileEncoding = 4; lastKnownFileType = sourcecode.c.h; path = "WUPeople+MappedEntity.h"; sourceTree = "<group>"; };
		1DA9012A1E902267001EA850 /* WUPeople+MappedEntity.m */ = {isa = PBXFileReference; fileEncoding = 4; lastKnownFileType = sourcecode.c.objc; path = "WUPeople+MappedEntity.m"; sourceTree = "<group>"; };
		1DA9012C1E902277001EA850 /* WUVideoQuality+MappedEntity.h */ = {isa = PBXFileReference; fileEncoding = 4; lastKnownFileType = sourcecode.c.h; path = "WUVideoQuality+MappedEntity.h"; sourceTree = "<group>"; };
		1DA9012D1E902277001EA850 /* WUVideoQuality+MappedEntity.m */ = {isa = PBXFileReference; fileEncoding = 4; lastKnownFileType = sourcecode.c.objc; path = "WUVideoQuality+MappedEntity.m"; sourceTree = "<group>"; };
		49AF413C2C23774B12D6F9F6 /* libPods-wuaki.a */ = {isa = PBXFileReference; explicitFileType = archive.ar; includeInIndex = 0; path = "libPods-wuaki.a"; sourceTree = BUILT_PRODUCTS_DIR; };
		A8E6EAD21EF44B00841C370F /* Pods-wuaki.release.xcconfig */ = {isa = PBXFileReference; includeInIndex = 1; lastKnownFileType = text.xcconfig; name = "Pods-wuaki.release.xcconfig"; path = "../Pods/Target Support Files/Pods-wuaki/Pods-wuaki.release.xcconfig"; sourceTree = "<group>"; };
		AD9ED6B6C93C6FEA8FA44E59 /* Pods-wuakiTests.release.xcconfig */ = {isa = PBXFileReference; includeInIndex = 1; lastKnownFileType = text.xcconfig; name = "Pods-wuakiTests.release.xcconfig"; path = "../Pods/Target Support Files/Pods-wuakiTests/Pods-wuakiTests.release.xcconfig"; sourceTree = "<group>"; };
		B5E690A4A7258C546205BFE0 /* Pods-wuaki-wuakiTests.release.xcconfig */ = {isa = PBXFileReference; includeInIndex = 1; lastKnownFileType = text.xcconfig; name = "Pods-wuaki-wuakiTests.release.xcconfig"; path = "../Pods/Target Support Files/Pods-wuaki-wuakiTests/Pods-wuaki-wuakiTests.release.xcconfig"; sourceTree = "<group>"; };
		B67CFDB9DC35A429DCC6FCDF /* Pods-wuakiTests.debug.xcconfig */ = {isa = PBXFileReference; includeInIndex = 1; lastKnownFileType = text.xcconfig; name = "Pods-wuakiTests.debug.xcconfig"; path = "../Pods/Target Support Files/Pods-wuakiTests/Pods-wuakiTests.debug.xcconfig"; sourceTree = "<group>"; };
		E5DCEA8F6FDE22E3CBA4EA62 /* Pods-wuaki.debug.xcconfig */ = {isa = PBXFileReference; includeInIndex = 1; lastKnownFileType = text.xcconfig; name = "Pods-wuaki.debug.xcconfig"; path = "../Pods/Target Support Files/Pods-wuaki/Pods-wuaki.debug.xcconfig"; sourceTree = "<group>"; };
		FA8BFB4C1B082357B1C210F0 /* libPods-wuakiTests.a */ = {isa = PBXFileReference; explicitFileType = archive.ar; includeInIndex = 0; path = "libPods-wuakiTests.a"; sourceTree = BUILT_PRODUCTS_DIR; };
		FAC609757444786BEC5C042F /* libPods-wuaki-wuakiTests.a */ = {isa = PBXFileReference; explicitFileType = archive.ar; includeInIndex = 0; path = "libPods-wuaki-wuakiTests.a"; sourceTree = BUILT_PRODUCTS_DIR; };
		FB129D9FFFDB9B49B747D8AC /* Pods-wuaki-wuakiTests.debug.xcconfig */ = {isa = PBXFileReference; includeInIndex = 1; lastKnownFileType = text.xcconfig; name = "Pods-wuaki-wuakiTests.debug.xcconfig"; path = "../Pods/Target Support Files/Pods-wuaki-wuakiTests/Pods-wuaki-wuakiTests.debug.xcconfig"; sourceTree = "<group>"; };
/* End PBXFileReference section */

/* Begin PBXFrameworksBuildPhase section */
		1D9726D71E8E624D00E8917D /* Frameworks */ = {
			isa = PBXFrameworksBuildPhase;
			buildActionMask = 2147483647;
			files = (
				30179AED190C69F8202D484A /* libPods-wuaki.a in Frameworks */,
			);
			runOnlyForDeploymentPostprocessing = 0;
		};
		1D9726F31E8E624E00E8917D /* Frameworks */ = {
			isa = PBXFrameworksBuildPhase;
			buildActionMask = 2147483647;
			files = (
				D97C5FF455833628A7C0C545 /* libPods-wuaki-wuakiTests.a in Frameworks */,
				38AEEE6F37A1537DFDF99049 /* libPods-wuakiTests.a in Frameworks */,
			);
			runOnlyForDeploymentPostprocessing = 0;
		};
		1D9726FE1E8E624E00E8917D /* Frameworks */ = {
			isa = PBXFrameworksBuildPhase;
			buildActionMask = 2147483647;
			files = (
			);
			runOnlyForDeploymentPostprocessing = 0;
		};
/* End PBXFrameworksBuildPhase section */

/* Begin PBXGroup section */
		1D1C235C1E8FCA1C00B431CF /* logic */ = {
			isa = PBXGroup;
			children = (
				1D1C235D1E8FCA2C00B431CF /* assembly */,
			);
			path = logic;
			sourceTree = "<group>";
		};
		1D1C235D1E8FCA2C00B431CF /* assembly */ = {
			isa = PBXGroup;
			children = (
				1D1C235F1E8FCA5200B431CF /* WUAssemblySpec.m */,
			);
			path = assembly;
			sourceTree = "<group>";
		};
		1D78A4E71E8FB62500C0790A /* models */ = {
			isa = PBXGroup;
			children = (
				1D78A4E81E8FB6ED00C0790A /* mappings */,
			);
			path = models;
			sourceTree = "<group>";
		};
		1D78A4E81E8FB6ED00C0790A /* mappings */ = {
			isa = PBXGroup;
			children = (
				1DA901121E901AAD001EA850 /* WUMovieMappingSpec.m */,
				1D78A4FD1E8FBE7400C0790A /* WUStreamInfoMappingSpec.m */,
				1D78A4EA1E8FB75100C0790A /* WUStreamingMappingSpec.m */,
				1D2B36491E9001DB0009316C /* WUTVShowMappingSpec.m */,
			);
			path = mappings;
			sourceTree = "<group>";
		};
		1D78A4EC1E8FB7D800C0790A /* test-helpers */ = {
			isa = PBXGroup;
			children = (
				1D78A4ED1E8FB80F00C0790A /* INRestKitHelper.h */,
				1D78A4EE1E8FB80F00C0790A /* INRestKitHelper.m */,
			);
			path = "test-helpers";
			sourceTree = "<group>";
		};
		1D78A4F21E8FBB5500C0790A /* assembly */ = {
			isa = PBXGroup;
			children = (
				1D78A4F61E8FBB9000C0790A /* WUAssembly.h */,
				1D78A4F71E8FBB9000C0790A /* WUAssembly.m */,
			);
			path = assembly;
			sourceTree = "<group>";
		};
		1D78A5011E8FC0D800C0790A /* mappings */ = {
			isa = PBXGroup;
			children = (
				1DA901141E902164001EA850 /* WUAudioQuality+MappedEntity.h */,
				1DA901151E902164001EA850 /* WUAudioQuality+MappedEntity.m */,
				1D2B364B1E9007C90009316C /* WUClassification+MappedEntity.h */,
				1D2B364C1E9007C90009316C /* WUClassification+MappedEntity.m */,
				1DA9011A1E902204001EA850 /* WUDRMType+MappedEntity.h */,
				1DA9011B1E902204001EA850 /* WUDRMType+MappedEntity.m */,
				1D2B364E1E9008530009316C /* WUIcon+MappedEntity.h */,
				1D2B364F1E9008530009316C /* WUIcon+MappedEntity.m */,
				1D2B36511E9008A00009316C /* WUImage+MappedEntity.h */,
				1D2B36521E9008A00009316C /* WUImage+MappedEntity.m */,
				1D2B36541E9008EA0009316C /* WUGenre+MappedEntity.h */,
				1D2B36551E9008EA0009316C /* WUGenre+MappedEntity.m */,
				1DA9011D1E90221A001EA850 /* WULanguage+MappedEntity.h */,
				1DA9011E1E90221A001EA850 /* WULanguage+MappedEntity.m */,
				1DA901201E90222C001EA850 /* WUMedia+MappedEntity.h */,
				1DA901211E90222C001EA850 /* WUMedia+MappedEntity.m */,
				1DA901231E902239001EA850 /* WUMediaInfo+MappedEntity.h */,
				1DA901241E902239001EA850 /* WUMediaInfo+MappedEntity.m */,
				1DA901261E902249001EA850 /* WUMovie+MappedEntity.h */,
				1DA901271E902249001EA850 /* WUMovie+MappedEntity.m */,
				1DA901291E902267001EA850 /* WUPeople+MappedEntity.h */,
				1DA9012A1E902267001EA850 /* WUPeople+MappedEntity.m */,
				1D2B36571E9009E40009316C /* WUScore+MappedEntity.h */,
				1D2B36581E9009E40009316C /* WUScore+MappedEntity.m */,
				1D2B365A1E900A5D0009316C /* WUSeason+MappedEntity.h */,
				1D2B365B1E900A5D0009316C /* WUSeason+MappedEntity.m */,
				1D2B365D1E900A6C0009316C /* WUSite+MappedEntity.h */,
				1D2B365E1E900A6C0009316C /* WUSite+MappedEntity.m */,
				1D78A5031E8FC14C00C0790A /* WUStreamInfo+MappedEntity.h */,
				1D78A5041E8FC14C00C0790A /* WUStreamInfo+MappedEntity.m */,
				1D1C23671E8FEC9A00B431CF /* WUStreaming+MappedEntity.h */,
				1D1C23681E8FEC9A00B431CF /* WUStreaming+MappedEntity.m */,
				1D2B36601E900C080009316C /* WUTVShow+MappedEntity.h */,
				1D2B36611E900C080009316C /* WUTVShow+MappedEntity.m */,
				1DA9012C1E902277001EA850 /* WUVideoQuality+MappedEntity.h */,
				1DA9012D1E902277001EA850 /* WUVideoQuality+MappedEntity.m */,
			);
			path = mappings;
			sourceTree = "<group>";
		};
		1D9726D11E8E624D00E8917D = {
			isa = PBXGroup;
			children = (
				1D9726DC1E8E624D00E8917D /* wuaki */,
				1D9726F91E8E624E00E8917D /* wuakiTests */,
				1D9727041E8E624E00E8917D /* wuakiUITests */,
				1D9726DB1E8E624D00E8917D /* Products */,
				F1C7315F18EB1C8F4ECD11F5 /* Pods */,
				F9544EBAFC3B01D4DA8F277B /* Frameworks */,
			);
			sourceTree = "<group>";
		};
		1D9726DB1E8E624D00E8917D /* Products */ = {
			isa = PBXGroup;
			children = (
				1D9726DA1E8E624D00E8917D /* wuaki.app */,
				1D9726F61E8E624E00E8917D /* wuakiTests.xctest */,
				1D9727011E8E624E00E8917D /* wuakiUITests.xctest */,
			);
			name = Products;
			sourceTree = "<group>";
		};
		1D9726DC1E8E624D00E8917D /* wuaki */ = {
			isa = PBXGroup;
			children = (
				1D9727131E8E6D9E00E8917D /* classes */,
				1D9727241E8E6DA600E8917D /* resources */,
				1D9726DD1E8E624D00E8917D /* Supporting Files */,
			);
			path = wuaki;
			sourceTree = "<group>";
		};
		1D9726DD1E8E624D00E8917D /* Supporting Files */ = {
			isa = PBXGroup;
			children = (
				1D9726DE1E8E624D00E8917D /* main.m */,
			);
			name = "Supporting Files";
			sourceTree = "<group>";
		};
		1D9726F91E8E624E00E8917D /* wuakiTests */ = {
			isa = PBXGroup;
			children = (
				1D9727341E8E6DD100E8917D /* classes */,
				1D9727371E8E6DD800E8917D /* resources */,
			);
			path = wuakiTests;
			sourceTree = "<group>";
		};
		1D9727041E8E624E00E8917D /* wuakiUITests */ = {
			isa = PBXGroup;
			children = (
				1D97273F1E8E6DEC00E8917D /* classes */,
				1D9727411E8E6DEC00E8917D /* resources */,
			);
			path = wuakiUITests;
			sourceTree = "<group>";
		};
		1D9727131E8E6D9E00E8917D /* classes */ = {
			isa = PBXGroup;
			children = (
				1D9727141E8E6D9E00E8917D /* app-delegate */,
				1D9727171E8E6D9E00E8917D /* controllers */,
				1D97271C1E8E6D9E00E8917D /* controls */,
				1D97271D1E8E6D9E00E8917D /* helpers */,
				1D97271E1E8E6D9E00E8917D /* logic */,
				1D97271F1E8E6D9E00E8917D /* models */,
				1D9727201E8E6D9E00E8917D /* views */,
			);
			path = classes;
			sourceTree = "<group>";
		};
		1D9727141E8E6D9E00E8917D /* app-delegate */ = {
			isa = PBXGroup;
			children = (
				1D9727151E8E6D9E00E8917D /* AppDelegate.h */,
				1D9727161E8E6D9E00E8917D /* AppDelegate.m */,
			);
			path = "app-delegate";
			sourceTree = "<group>";
		};
		1D9727171E8E6D9E00E8917D /* controllers */ = {
			isa = PBXGroup;
			children = (
				1D9727181E8E6D9E00E8917D /* DetailViewController.h */,
				1D9727191E8E6D9E00E8917D /* DetailViewController.m */,
				1D97271A1E8E6D9E00E8917D /* MasterViewController.h */,
				1D97271B1E8E6D9E00E8917D /* MasterViewController.m */,
			);
			path = controllers;
			sourceTree = "<group>";
		};
		1D97271C1E8E6D9E00E8917D /* controls */ = {
			isa = PBXGroup;
			children = (
			);
			path = controls;
			sourceTree = "<group>";
		};
		1D97271D1E8E6D9E00E8917D /* helpers */ = {
			isa = PBXGroup;
			children = (
				1D9727461E8ECE5F00E8917D /* logging */,
				1D97274A1E8ED09000E8917D /* mappings */,
			);
			path = helpers;
			sourceTree = "<group>";
		};
		1D97271E1E8E6D9E00E8917D /* logic */ = {
			isa = PBXGroup;
			children = (
				1D78A4F21E8FBB5500C0790A /* assembly */,
				1D1C23641E8FCB9C00B431CF /* RKObjectManager+WuakiConfiguration.h */,
				1D1C23651E8FCB9C00B431CF /* RKObjectManager+WuakiConfiguration.m */,
				1D1C23611E8FCB4300B431CF /* WUService.h */,
				1D1C23621E8FCB4300B431CF /* WUService.m */,
			);
			path = logic;
			sourceTree = "<group>";
		};
		1D97271F1E8E6D9E00E8917D /* models */ = {
			isa = PBXGroup;
			children = (
				1D78A5011E8FC0D800C0790A /* mappings */,
				1DA901061E90185C001EA850 /* WUAudioQuality.h */,
				1DA901071E90185C001EA850 /* WUAudioQuality.m */,
				1D2B36311E8FF7C90009316C /* WUClassification.h */,
				1D2B36321E8FF7C90009316C /* WUClassification.m */,
				1DA9010C1E90198E001EA850 /* WUContent.h */,
				1DA9010D1E90198E001EA850 /* WUContent.m */,
				1DA901091E901883001EA850 /* WUDRMType.h */,
				1DA9010A1E901883001EA850 /* WUDRMType.m */,
				1D2B36371E8FFBB80009316C /* WUIcon.h */,
				1D2B36381E8FFBB80009316C /* WUIcon.m */,
				1D2B363A1E8FFDEF0009316C /* WUImage.h */,
				1D2B363B1E8FFDEF0009316C /* WUImage.m */,
				1D2B36341E8FF95C0009316C /* WUGenre.h */,
				1D2B36351E8FF95C0009316C /* WUGenre.m */,
				1DA900FD1E90177B001EA850 /* WULanguage.h */,
				1DA900FE1E90177B001EA850 /* WULanguage.m */,
				1DA900F71E90129B001EA850 /* WUMedia.h */,
				1DA900F81E90129B001EA850 /* WUMedia.m */,
				1DA900FA1E9016E1001EA850 /* WUMediaInfo.h */,
				1DA900FB1E9016E1001EA850 /* WUMediaInfo.m */,
				1DA900F11E900F18001EA850 /* WUMovie.h */,
				1DA900F21E900F18001EA850 /* WUMovie.m */,
				1D78A4E41E8FB30E00C0790A /* WUObject.h */,
				1D78A4E51E8FB30E00C0790A /* WUObject.m */,
				1DA900F41E900FBD001EA850 /* WUPeople.h */,
				1DA900F51E900FBD001EA850 /* WUPeople.m */,
				1DA901001E901809001EA850 /* WUQuality.h */,
				1DA901011E901809001EA850 /* WUQuality.m */,
				1D2B363D1E8FFE680009316C /* WUScore.h */,
				1D2B363E1E8FFE680009316C /* WUScore.m */,
				1D2B36431E8FFF560009316C /* WUSeason.h */,
				1D2B36441E8FFF560009316C /* WUSeason.m */,
				1D2B36401E8FFEB40009316C /* WUSite.h */,
				1D2B36411E8FFEB40009316C /* WUSite.m */,
				1D78A4E11E8FB28400C0790A /* WUStreamInfo.h */,
				1D78A4E21E8FB28400C0790A /* WUStreamInfo.m */,
				1D78A4DE1E8FB27400C0790A /* WUStreaming.h */,
				1D78A4DF1E8FB27400C0790A /* WUStreaming.m */,
				1D2B362E1E8FF2E60009316C /* WUTVShow.h */,
				1D2B362F1E8FF2E60009316C /* WUTVShow.m */,
				1DA901031E901845001EA850 /* WUVideoQuality.h */,
				1DA901041E901845001EA850 /* WUVideoQuality.m */,
			);
			path = models;
			sourceTree = "<group>";
		};
		1D9727201E8E6D9E00E8917D /* views */ = {
			isa = PBXGroup;
			children = (
			);
			path = views;
			sourceTree = "<group>";
		};
		1D9727241E8E6DA600E8917D /* resources */ = {
			isa = PBXGroup;
			children = (
				1D9727251E8E6DA600E8917D /* assets */,
				1D9727271E8E6DA600E8917D /* configuration */,
				1D9727291E8E6DA600E8917D /* data */,
				1D97272A1E8E6DA600E8917D /* storyboards */,
				1D97272F1E8E6DA600E8917D /* strings */,
			);
			path = resources;
			sourceTree = "<group>";
		};
		1D9727251E8E6DA600E8917D /* assets */ = {
			isa = PBXGroup;
			children = (
				1D9727261E8E6DA600E8917D /* Assets.xcassets */,
			);
			path = assets;
			sourceTree = "<group>";
		};
		1D9727271E8E6DA600E8917D /* configuration */ = {
			isa = PBXGroup;
			children = (
				1D9727281E8E6DA600E8917D /* Info.plist */,
				1D78A4F01E8FBB1200C0790A /* wuaki.properties */,
			);
			path = configuration;
			sourceTree = "<group>";
		};
		1D9727291E8E6DA600E8917D /* data */ = {
			isa = PBXGroup;
			children = (
			);
			path = data;
			sourceTree = "<group>";
		};
		1D97272A1E8E6DA600E8917D /* storyboards */ = {
			isa = PBXGroup;
			children = (
				1D97272B1E8E6DA600E8917D /* LaunchScreen.storyboard */,
				1D97272D1E8E6DA600E8917D /* Main.storyboard */,
			);
			path = storyboards;
			sourceTree = "<group>";
		};
		1D97272F1E8E6DA600E8917D /* strings */ = {
			isa = PBXGroup;
			children = (
			);
			path = strings;
			sourceTree = "<group>";
		};
		1D9727341E8E6DD100E8917D /* classes */ = {
			isa = PBXGroup;
			children = (
				1D1C235C1E8FCA1C00B431CF /* logic */,
				1D78A4E71E8FB62500C0790A /* models */,
				1D78A4EC1E8FB7D800C0790A /* test-helpers */,
				1D78A4F91E8FBD3000C0790A /* WUTestAssembly.h */,
				1D78A4FA1E8FBD3000C0790A /* WUTestAssembly.m */,
			);
			path = classes;
			sourceTree = "<group>";
		};
		1D9727371E8E6DD800E8917D /* resources */ = {
			isa = PBXGroup;
			children = (
				1D9727381E8E6DD800E8917D /* configuration */,
				1D97273A1E8E6DD800E8917D /* fixtures */,
			);
			path = resources;
			sourceTree = "<group>";
		};
		1D9727381E8E6DD800E8917D /* configuration */ = {
			isa = PBXGroup;
			children = (
				1D9727391E8E6DD800E8917D /* Info.plist */,
			);
			path = configuration;
			sourceTree = "<group>";
		};
		1D97273A1E8E6DD800E8917D /* fixtures */ = {
			isa = PBXGroup;
			children = (
				1D97273B1E8E6DD800E8917D /* mappings */,
				1D97273C1E8E6DD800E8917D /* requests */,
				1D97273D1E8E6DD800E8917D /* responses */,
			);
			path = fixtures;
			sourceTree = "<group>";
		};
		1D97273B1E8E6DD800E8917D /* mappings */ = {
			isa = PBXGroup;
			children = (
				1DA9010F1E901A71001EA850 /* movie.json */,
				1D78A4FF1E8FC05A00C0790A /* streamInfo.json */,
				1D1C236A1E8FED4A00B431CF /* streaming.json */,
				1D2B36461E9001840009316C /* tvShow.json */,
			);
			path = mappings;
			sourceTree = "<group>";
		};
		1D97273C1E8E6DD800E8917D /* requests */ = {
			isa = PBXGroup;
			children = (
			);
			path = requests;
			sourceTree = "<group>";
		};
		1D97273D1E8E6DD800E8917D /* responses */ = {
			isa = PBXGroup;
			children = (
			);
			path = responses;
			sourceTree = "<group>";
		};
		1D97273F1E8E6DEC00E8917D /* classes */ = {
			isa = PBXGroup;
			children = (
				1D9727401E8E6DEC00E8917D /* wuakiUITests.m */,
			);
			path = classes;
			sourceTree = "<group>";
		};
		1D9727411E8E6DEC00E8917D /* resources */ = {
			isa = PBXGroup;
			children = (
				1D9727421E8E6DEC00E8917D /* configuration */,
			);
			path = resources;
			sourceTree = "<group>";
		};
		1D9727421E8E6DEC00E8917D /* configuration */ = {
			isa = PBXGroup;
			children = (
				1D9727431E8E6DEC00E8917D /* Info.plist */,
			);
			path = configuration;
			sourceTree = "<group>";
		};
		1D9727461E8ECE5F00E8917D /* logging */ = {
			isa = PBXGroup;
			children = (
				1D9727471E8ECE9C00E8917D /* INLogFormatter.h */,
				1D9727481E8ECE9C00E8917D /* INLogFormatter.m */,
			);
			path = logging;
			sourceTree = "<group>";
		};
		1D97274A1E8ED09000E8917D /* mappings */ = {
			isa = PBXGroup;
			children = (
				1D97274B1E8ED11400E8917D /* INMappedEntitiesCatalog.h */,
				1D97274C1E8ED11400E8917D /* INMappedEntitiesCatalog.m */,
				1D97274D1E8ED11400E8917D /* INMappedEntity.h */,
				1D97274E1E8ED11400E8917D /* INMappingCatalog.h */,
			);
			path = mappings;
			sourceTree = "<group>";
		};
		F1C7315F18EB1C8F4ECD11F5 /* Pods */ = {
			isa = PBXGroup;
			children = (
				E5DCEA8F6FDE22E3CBA4EA62 /* Pods-wuaki.debug.xcconfig */,
				A8E6EAD21EF44B00841C370F /* Pods-wuaki.release.xcconfig */,
				FB129D9FFFDB9B49B747D8AC /* Pods-wuaki-wuakiTests.debug.xcconfig */,
				B5E690A4A7258C546205BFE0 /* Pods-wuaki-wuakiTests.release.xcconfig */,
				B67CFDB9DC35A429DCC6FCDF /* Pods-wuakiTests.debug.xcconfig */,
				AD9ED6B6C93C6FEA8FA44E59 /* Pods-wuakiTests.release.xcconfig */,
			);
			name = Pods;
			sourceTree = "<group>";
		};
		F9544EBAFC3B01D4DA8F277B /* Frameworks */ = {
			isa = PBXGroup;
			children = (
				49AF413C2C23774B12D6F9F6 /* libPods-wuaki.a */,
				FAC609757444786BEC5C042F /* libPods-wuaki-wuakiTests.a */,
				FA8BFB4C1B082357B1C210F0 /* libPods-wuakiTests.a */,
			);
			name = Frameworks;
			sourceTree = "<group>";
		};
/* End PBXGroup section */

/* Begin PBXNativeTarget section */
		1D9726D91E8E624D00E8917D /* wuaki */ = {
			isa = PBXNativeTarget;
			buildConfigurationList = 1D97270A1E8E624E00E8917D /* Build configuration list for PBXNativeTarget "wuaki" */;
			buildPhases = (
				1AC2176F76323737B426ECBD /* [CP] Check Pods Manifest.lock */,
				1D9726D61E8E624D00E8917D /* Sources */,
				1D9726D71E8E624D00E8917D /* Frameworks */,
				1D9726D81E8E624D00E8917D /* Resources */,
				9FCF70B72CECBB4F6156FFC0 /* [CP] Embed Pods Frameworks */,
				EDFCBDE66DC4BE251CF1BC75 /* [CP] Copy Pods Resources */,
			);
			buildRules = (
			);
			dependencies = (
			);
			name = wuaki;
			productName = wuaki;
			productReference = 1D9726DA1E8E624D00E8917D /* wuaki.app */;
			productType = "com.apple.product-type.application";
		};
		1D9726F51E8E624E00E8917D /* wuakiTests */ = {
			isa = PBXNativeTarget;
			buildConfigurationList = 1D97270D1E8E624E00E8917D /* Build configuration list for PBXNativeTarget "wuakiTests" */;
			buildPhases = (
				4A0209D1471909B393D5BF45 /* [CP] Check Pods Manifest.lock */,
				1D9726F21E8E624E00E8917D /* Sources */,
				1D9726F31E8E624E00E8917D /* Frameworks */,
				1D9726F41E8E624E00E8917D /* Resources */,
				824D3817BBC70695B552687A /* [CP] Embed Pods Frameworks */,
				6BC6641C3AD07FB00112A9A2 /* [CP] Copy Pods Resources */,
			);
			buildRules = (
			);
			dependencies = (
				1D9726F81E8E624E00E8917D /* PBXTargetDependency */,
			);
			name = wuakiTests;
			productName = wuakiTests;
			productReference = 1D9726F61E8E624E00E8917D /* wuakiTests.xctest */;
			productType = "com.apple.product-type.bundle.unit-test";
		};
		1D9727001E8E624E00E8917D /* wuakiUITests */ = {
			isa = PBXNativeTarget;
			buildConfigurationList = 1D9727101E8E624E00E8917D /* Build configuration list for PBXNativeTarget "wuakiUITests" */;
			buildPhases = (
				1D9726FD1E8E624E00E8917D /* Sources */,
				1D9726FE1E8E624E00E8917D /* Frameworks */,
				1D9726FF1E8E624E00E8917D /* Resources */,
			);
			buildRules = (
			);
			dependencies = (
				1D9727031E8E624E00E8917D /* PBXTargetDependency */,
			);
			name = wuakiUITests;
			productName = wuakiUITests;
			productReference = 1D9727011E8E624E00E8917D /* wuakiUITests.xctest */;
			productType = "com.apple.product-type.bundle.ui-testing";
		};
/* End PBXNativeTarget section */

/* Begin PBXProject section */
		1D9726D21E8E624D00E8917D /* Project object */ = {
			isa = PBXProject;
			attributes = {
				LastUpgradeCheck = 0820;
				ORGANIZATIONNAME = "OPEN input";
				TargetAttributes = {
					1D9726D91E8E624D00E8917D = {
						CreatedOnToolsVersion = 8.2.1;
						DevelopmentTeam = AH2VYU3NT5;
						ProvisioningStyle = Automatic;
					};
					1D9726F51E8E624E00E8917D = {
						CreatedOnToolsVersion = 8.2.1;
						DevelopmentTeam = AH2VYU3NT5;
						ProvisioningStyle = Automatic;
						TestTargetID = 1D9726D91E8E624D00E8917D;
					};
					1D9727001E8E624E00E8917D = {
						CreatedOnToolsVersion = 8.2.1;
						DevelopmentTeam = AH2VYU3NT5;
						ProvisioningStyle = Automatic;
						TestTargetID = 1D9726D91E8E624D00E8917D;
					};
				};
			};
			buildConfigurationList = 1D9726D51E8E624D00E8917D /* Build configuration list for PBXProject "wuaki" */;
			compatibilityVersion = "Xcode 3.2";
			developmentRegion = English;
			hasScannedForEncodings = 0;
			knownRegions = (
				en,
				Base,
			);
			mainGroup = 1D9726D11E8E624D00E8917D;
			productRefGroup = 1D9726DB1E8E624D00E8917D /* Products */;
			projectDirPath = "";
			projectRoot = "";
			targets = (
				1D9726D91E8E624D00E8917D /* wuaki */,
				1D9726F51E8E624E00E8917D /* wuakiTests */,
				1D9727001E8E624E00E8917D /* wuakiUITests */,
			);
		};
/* End PBXProject section */

/* Begin PBXResourcesBuildPhase section */
		1D9726D81E8E624D00E8917D /* Resources */ = {
			isa = PBXResourcesBuildPhase;
			buildActionMask = 2147483647;
			files = (
				1D78A4F11E8FBB1200C0790A /* wuaki.properties in Resources */,
				1D9727331E8E6DA600E8917D /* Main.storyboard in Resources */,
				1D9727301E8E6DA600E8917D /* Assets.xcassets in Resources */,
				1D9727321E8E6DA600E8917D /* LaunchScreen.storyboard in Resources */,
			);
			runOnlyForDeploymentPostprocessing = 0;
		};
		1D9726F41E8E624E00E8917D /* Resources */ = {
			isa = PBXResourcesBuildPhase;
			buildActionMask = 2147483647;
			files = (
				1D1C236B1E8FED4A00B431CF /* streaming.json in Resources */,
				1D78A5001E8FC05A00C0790A /* streamInfo.json in Resources */,
				1DA901101E901A71001EA850 /* movie.json in Resources */,
				1D2B36471E9001840009316C /* tvShow.json in Resources */,
			);
			runOnlyForDeploymentPostprocessing = 0;
		};
		1D9726FF1E8E624E00E8917D /* Resources */ = {
			isa = PBXResourcesBuildPhase;
			buildActionMask = 2147483647;
			files = (
			);
			runOnlyForDeploymentPostprocessing = 0;
		};
/* End PBXResourcesBuildPhase section */

/* Begin PBXShellScriptBuildPhase section */
		1AC2176F76323737B426ECBD /* [CP] Check Pods Manifest.lock */ = {
			isa = PBXShellScriptBuildPhase;
			buildActionMask = 2147483647;
			files = (
			);
			inputPaths = (
			);
			name = "[CP] Check Pods Manifest.lock";
			outputPaths = (
			);
			runOnlyForDeploymentPostprocessing = 0;
			shellPath = /bin/sh;
			shellScript = "diff \"${PODS_ROOT}/../Podfile.lock\" \"${PODS_ROOT}/Manifest.lock\" > /dev/null\nif [ $? != 0 ] ; then\n    # print error to STDERR\n    echo \"error: The sandbox is not in sync with the Podfile.lock. Run 'pod install' or update your CocoaPods installation.\" >&2\n    exit 1\nfi\n";
			showEnvVarsInLog = 0;
		};
		4A0209D1471909B393D5BF45 /* [CP] Check Pods Manifest.lock */ = {
			isa = PBXShellScriptBuildPhase;
			buildActionMask = 2147483647;
			files = (
			);
			inputPaths = (
			);
			name = "[CP] Check Pods Manifest.lock";
			outputPaths = (
			);
			runOnlyForDeploymentPostprocessing = 0;
			shellPath = /bin/sh;
			shellScript = "diff \"${PODS_ROOT}/../Podfile.lock\" \"${PODS_ROOT}/Manifest.lock\" > /dev/null\nif [ $? != 0 ] ; then\n    # print error to STDERR\n    echo \"error: The sandbox is not in sync with the Podfile.lock. Run 'pod install' or update your CocoaPods installation.\" >&2\n    exit 1\nfi\n";
			showEnvVarsInLog = 0;
		};
		6BC6641C3AD07FB00112A9A2 /* [CP] Copy Pods Resources */ = {
			isa = PBXShellScriptBuildPhase;
			buildActionMask = 2147483647;
			files = (
			);
			inputPaths = (
			);
			name = "[CP] Copy Pods Resources";
			outputPaths = (
			);
			runOnlyForDeploymentPostprocessing = 0;
			shellPath = /bin/sh;
			shellScript = "\"${SRCROOT}/../Pods/Target Support Files/Pods-wuakiTests/Pods-wuakiTests-resources.sh\"\n";
			showEnvVarsInLog = 0;
		};
		824D3817BBC70695B552687A /* [CP] Embed Pods Frameworks */ = {
			isa = PBXShellScriptBuildPhase;
			buildActionMask = 2147483647;
			files = (
			);
			inputPaths = (
			);
			name = "[CP] Embed Pods Frameworks";
			outputPaths = (
			);
			runOnlyForDeploymentPostprocessing = 0;
			shellPath = /bin/sh;
			shellScript = "\"${SRCROOT}/../Pods/Target Support Files/Pods-wuakiTests/Pods-wuakiTests-frameworks.sh\"\n";
			showEnvVarsInLog = 0;
		};
		9FCF70B72CECBB4F6156FFC0 /* [CP] Embed Pods Frameworks */ = {
			isa = PBXShellScriptBuildPhase;
			buildActionMask = 2147483647;
			files = (
			);
			inputPaths = (
			);
			name = "[CP] Embed Pods Frameworks";
			outputPaths = (
			);
			runOnlyForDeploymentPostprocessing = 0;
			shellPath = /bin/sh;
			shellScript = "\"${SRCROOT}/../Pods/Target Support Files/Pods-wuaki/Pods-wuaki-frameworks.sh\"\n";
			showEnvVarsInLog = 0;
		};
		EDFCBDE66DC4BE251CF1BC75 /* [CP] Copy Pods Resources */ = {
			isa = PBXShellScriptBuildPhase;
			buildActionMask = 2147483647;
			files = (
			);
			inputPaths = (
			);
			name = "[CP] Copy Pods Resources";
			outputPaths = (
			);
			runOnlyForDeploymentPostprocessing = 0;
			shellPath = /bin/sh;
			shellScript = "\"${SRCROOT}/../Pods/Target Support Files/Pods-wuaki/Pods-wuaki-resources.sh\"\n";
			showEnvVarsInLog = 0;
		};
/* End PBXShellScriptBuildPhase section */

/* Begin PBXSourcesBuildPhase section */
		1D9726D61E8E624D00E8917D /* Sources */ = {
			isa = PBXSourcesBuildPhase;
			buildActionMask = 2147483647;
			files = (
				1D9727491E8ECE9C00E8917D /* INLogFormatter.m in Sources */,
				1D78A5051E8FC14C00C0790A /* WUStreamInfo+MappedEntity.m in Sources */,
				1D2B363C1E8FFDEF0009316C /* WUImage.m in Sources */,
				1DA901021E901809001EA850 /* WUQuality.m in Sources */,
				1DA901161E902164001EA850 /* WUAudioQuality+MappedEntity.m in Sources */,
				1D78A4E61E8FB30E00C0790A /* WUObject.m in Sources */,
				1D9726DF1E8E624D00E8917D /* main.m in Sources */,
				1D9727211E8E6D9E00E8917D /* AppDelegate.m in Sources */,
				1D2B36531E9008A00009316C /* WUImage+MappedEntity.m in Sources */,
				1D2B36331E8FF7C90009316C /* WUClassification.m in Sources */,
				1D2B36391E8FFBB80009316C /* WUIcon.m in Sources */,
				1DA901251E902239001EA850 /* WUMediaInfo+MappedEntity.m in Sources */,
				1DA900F61E900FBD001EA850 /* WUPeople.m in Sources */,
				1D2B36421E8FFEB40009316C /* WUSite.m in Sources */,
				1D2B36301E8FF2E60009316C /* WUTVShow.m in Sources */,
				1DA9010E1E90198E001EA850 /* WUContent.m in Sources */,
				1DA900F91E90129B001EA850 /* WUMedia.m in Sources */,
				1DA9010B1E901883001EA850 /* WUDRMType.m in Sources */,
				1DA9012E1E902277001EA850 /* WUVideoQuality+MappedEntity.m in Sources */,
				1D9727221E8E6D9E00E8917D /* DetailViewController.m in Sources */,
				1D2B36621E900C080009316C /* WUTVShow+MappedEntity.m in Sources */,
				1D78A4E01E8FB27400C0790A /* WUStreaming.m in Sources */,
				1D2B365F1E900A6C0009316C /* WUSite+MappedEntity.m in Sources */,
				1D78A4E31E8FB28400C0790A /* WUStreamInfo.m in Sources */,
				1D2B365C1E900A5D0009316C /* WUSeason+MappedEntity.m in Sources */,
				1DA900FF1E90177B001EA850 /* WULanguage.m in Sources */,
				1DA901221E90222C001EA850 /* WUMedia+MappedEntity.m in Sources */,
				1D97274F1E8ED11400E8917D /* INMappedEntitiesCatalog.m in Sources */,
				1DA900FC1E9016E1001EA850 /* WUMediaInfo.m in Sources */,
				1D1C23631E8FCB4300B431CF /* WUService.m in Sources */,
				1DA901081E90185C001EA850 /* WUAudioQuality.m in Sources */,
				1D78A4F81E8FBB9000C0790A /* WUAssembly.m in Sources */,
				1D1C23661E8FCB9C00B431CF /* RKObjectManager+WuakiConfiguration.m in Sources */,
				1D2B363F1E8FFE680009316C /* WUScore.m in Sources */,
				1DA9012B1E902267001EA850 /* WUPeople+MappedEntity.m in Sources */,
				1DA901051E901845001EA850 /* WUVideoQuality.m in Sources */,
				1D2B36561E9008EA0009316C /* WUGenre+MappedEntity.m in Sources */,
				1D2B364D1E9007C90009316C /* WUClassification+MappedEntity.m in Sources */,
				1DA9011C1E902204001EA850 /* WUDRMType+MappedEntity.m in Sources */,
				1D1C23691E8FEC9A00B431CF /* WUStreaming+MappedEntity.m in Sources */,
				1DA900F31E900F18001EA850 /* WUMovie.m in Sources */,
				1D2B36501E9008530009316C /* WUIcon+MappedEntity.m in Sources */,
				1DA9011F1E90221A001EA850 /* WULanguage+MappedEntity.m in Sources */,
				1D2B36361E8FF95C0009316C /* WUGenre.m in Sources */,
				1DA901281E902249001EA850 /* WUMovie+MappedEntity.m in Sources */,
				1D2B36591E9009E40009316C /* WUScore+MappedEntity.m in Sources */,
				1D2B36451E8FFF560009316C /* WUSeason.m in Sources */,
				1D9727231E8E6D9E00E8917D /* MasterViewController.m in Sources */,
			);
			runOnlyForDeploymentPostprocessing = 0;
		};
		1D9726F21E8E624E00E8917D /* Sources */ = {
			isa = PBXSourcesBuildPhase;
			buildActionMask = 2147483647;
			files = (
				1D1C23601E8FCA5200B431CF /* WUAssemblySpec.m in Sources */,
				1D78A4EB1E8FB75100C0790A /* WUStreamingMappingSpec.m in Sources */,
				1D2B364A1E9001DB0009316C /* WUTVShowMappingSpec.m in Sources */,
				1D78A4EF1E8FB80F00C0790A /* INRestKitHelper.m in Sources */,
				1DA901131E901AAD001EA850 /* WUMovieMappingSpec.m in Sources */,
				1D78A4FB1E8FBD3000C0790A /* WUTestAssembly.m in Sources */,
				1D78A4FE1E8FBE7400C0790A /* WUStreamInfoMappingSpec.m in Sources */,
			);
			runOnlyForDeploymentPostprocessing = 0;
		};
		1D9726FD1E8E624E00E8917D /* Sources */ = {
			isa = PBXSourcesBuildPhase;
			buildActionMask = 2147483647;
			files = (
				1D9727441E8E6DEC00E8917D /* wuakiUITests.m in Sources */,
			);
			runOnlyForDeploymentPostprocessing = 0;
		};
/* End PBXSourcesBuildPhase section */

/* Begin PBXTargetDependency section */
		1D9726F81E8E624E00E8917D /* PBXTargetDependency */ = {
			isa = PBXTargetDependency;
			target = 1D9726D91E8E624D00E8917D /* wuaki */;
			targetProxy = 1D9726F71E8E624E00E8917D /* PBXContainerItemProxy */;
		};
		1D9727031E8E624E00E8917D /* PBXTargetDependency */ = {
			isa = PBXTargetDependency;
			target = 1D9726D91E8E624D00E8917D /* wuaki */;
			targetProxy = 1D9727021E8E624E00E8917D /* PBXContainerItemProxy */;
		};
/* End PBXTargetDependency section */

/* Begin PBXVariantGroup section */
		1D97272B1E8E6DA600E8917D /* LaunchScreen.storyboard */ = {
			isa = PBXVariantGroup;
			children = (
				1D97272C1E8E6DA600E8917D /* Base */,
			);
			name = LaunchScreen.storyboard;
			sourceTree = "<group>";
		};
		1D97272D1E8E6DA600E8917D /* Main.storyboard */ = {
			isa = PBXVariantGroup;
			children = (
				1D97272E1E8E6DA600E8917D /* Base */,
			);
			name = Main.storyboard;
			sourceTree = "<group>";
		};
/* End PBXVariantGroup section */

/* Begin XCBuildConfiguration section */
		1D9727081E8E624E00E8917D /* Debug */ = {
			isa = XCBuildConfiguration;
			buildSettings = {
				ALWAYS_SEARCH_USER_PATHS = NO;
				CLANG_ANALYZER_NONNULL = YES;
				CLANG_CXX_LANGUAGE_STANDARD = "gnu++0x";
				CLANG_CXX_LIBRARY = "libc++";
				CLANG_ENABLE_MODULES = YES;
				CLANG_ENABLE_OBJC_ARC = YES;
				CLANG_WARN_BOOL_CONVERSION = YES;
				CLANG_WARN_CONSTANT_CONVERSION = YES;
				CLANG_WARN_DIRECT_OBJC_ISA_USAGE = YES_ERROR;
				CLANG_WARN_DOCUMENTATION_COMMENTS = YES;
				CLANG_WARN_EMPTY_BODY = YES;
				CLANG_WARN_ENUM_CONVERSION = YES;
				CLANG_WARN_INFINITE_RECURSION = YES;
				CLANG_WARN_INT_CONVERSION = YES;
				CLANG_WARN_OBJC_ROOT_CLASS = YES_ERROR;
				CLANG_WARN_SUSPICIOUS_MOVE = YES;
				CLANG_WARN_UNREACHABLE_CODE = YES;
				CLANG_WARN__DUPLICATE_METHOD_MATCH = YES;
				"CODE_SIGN_IDENTITY[sdk=iphoneos*]" = "iPhone Developer";
				COPY_PHASE_STRIP = NO;
				DEBUG_INFORMATION_FORMAT = dwarf;
				ENABLE_STRICT_OBJC_MSGSEND = YES;
				ENABLE_TESTABILITY = YES;
				GCC_C_LANGUAGE_STANDARD = gnu99;
				GCC_DYNAMIC_NO_PIC = NO;
				GCC_NO_COMMON_BLOCKS = YES;
				GCC_OPTIMIZATION_LEVEL = 0;
				GCC_PREPROCESSOR_DEFINITIONS = (
					"DEBUG=1",
					"$(inherited)",
				);
				GCC_WARN_64_TO_32_BIT_CONVERSION = YES;
				GCC_WARN_ABOUT_RETURN_TYPE = YES_ERROR;
				GCC_WARN_UNDECLARED_SELECTOR = YES;
				GCC_WARN_UNINITIALIZED_AUTOS = YES_AGGRESSIVE;
				GCC_WARN_UNUSED_FUNCTION = YES;
				GCC_WARN_UNUSED_VARIABLE = YES;
				IPHONEOS_DEPLOYMENT_TARGET = 10.2;
				MTL_ENABLE_DEBUG_INFO = YES;
				ONLY_ACTIVE_ARCH = YES;
				SDKROOT = iphoneos;
				TARGETED_DEVICE_FAMILY = "1,2";
			};
			name = Debug;
		};
		1D9727091E8E624E00E8917D /* Release */ = {
			isa = XCBuildConfiguration;
			buildSettings = {
				ALWAYS_SEARCH_USER_PATHS = NO;
				CLANG_ANALYZER_NONNULL = YES;
				CLANG_CXX_LANGUAGE_STANDARD = "gnu++0x";
				CLANG_CXX_LIBRARY = "libc++";
				CLANG_ENABLE_MODULES = YES;
				CLANG_ENABLE_OBJC_ARC = YES;
				CLANG_WARN_BOOL_CONVERSION = YES;
				CLANG_WARN_CONSTANT_CONVERSION = YES;
				CLANG_WARN_DIRECT_OBJC_ISA_USAGE = YES_ERROR;
				CLANG_WARN_DOCUMENTATION_COMMENTS = YES;
				CLANG_WARN_EMPTY_BODY = YES;
				CLANG_WARN_ENUM_CONVERSION = YES;
				CLANG_WARN_INFINITE_RECURSION = YES;
				CLANG_WARN_INT_CONVERSION = YES;
				CLANG_WARN_OBJC_ROOT_CLASS = YES_ERROR;
				CLANG_WARN_SUSPICIOUS_MOVE = YES;
				CLANG_WARN_UNREACHABLE_CODE = YES;
				CLANG_WARN__DUPLICATE_METHOD_MATCH = YES;
				"CODE_SIGN_IDENTITY[sdk=iphoneos*]" = "iPhone Developer";
				COPY_PHASE_STRIP = NO;
				DEBUG_INFORMATION_FORMAT = "dwarf-with-dsym";
				ENABLE_NS_ASSERTIONS = NO;
				ENABLE_STRICT_OBJC_MSGSEND = YES;
				GCC_C_LANGUAGE_STANDARD = gnu99;
				GCC_NO_COMMON_BLOCKS = YES;
				GCC_WARN_64_TO_32_BIT_CONVERSION = YES;
				GCC_WARN_ABOUT_RETURN_TYPE = YES_ERROR;
				GCC_WARN_UNDECLARED_SELECTOR = YES;
				GCC_WARN_UNINITIALIZED_AUTOS = YES_AGGRESSIVE;
				GCC_WARN_UNUSED_FUNCTION = YES;
				GCC_WARN_UNUSED_VARIABLE = YES;
				IPHONEOS_DEPLOYMENT_TARGET = 10.2;
				MTL_ENABLE_DEBUG_INFO = NO;
				SDKROOT = iphoneos;
				TARGETED_DEVICE_FAMILY = "1,2";
				VALIDATE_PRODUCT = YES;
			};
			name = Release;
		};
		1D97270B1E8E624E00E8917D /* Debug */ = {
			isa = XCBuildConfiguration;
			baseConfigurationReference = E5DCEA8F6FDE22E3CBA4EA62 /* Pods-wuaki.debug.xcconfig */;
			buildSettings = {
				ASSETCATALOG_COMPILER_APPICON_NAME = AppIcon;
				DEVELOPMENT_TEAM = AH2VYU3NT5;
				INFOPLIST_FILE = wuaki/resources/configuration/Info.plist;
				LD_RUNPATH_SEARCH_PATHS = "$(inherited) @executable_path/Frameworks";
				PRODUCT_BUNDLE_IDENTIFIER = com.openinput.wuaki;
				PRODUCT_NAME = "$(TARGET_NAME)";
			};
			name = Debug;
		};
		1D97270C1E8E624E00E8917D /* Release */ = {
			isa = XCBuildConfiguration;
			baseConfigurationReference = A8E6EAD21EF44B00841C370F /* Pods-wuaki.release.xcconfig */;
			buildSettings = {
				ASSETCATALOG_COMPILER_APPICON_NAME = AppIcon;
				DEVELOPMENT_TEAM = AH2VYU3NT5;
				INFOPLIST_FILE = wuaki/resources/configuration/Info.plist;
				LD_RUNPATH_SEARCH_PATHS = "$(inherited) @executable_path/Frameworks";
				PRODUCT_BUNDLE_IDENTIFIER = com.openinput.wuaki;
				PRODUCT_NAME = "$(TARGET_NAME)";
			};
			name = Release;
		};
		1D97270E1E8E624E00E8917D /* Debug */ = {
			isa = XCBuildConfiguration;
			baseConfigurationReference = B67CFDB9DC35A429DCC6FCDF /* Pods-wuakiTests.debug.xcconfig */;
			buildSettings = {
				BUNDLE_LOADER = "$(TEST_HOST)";
				DEVELOPMENT_TEAM = AH2VYU3NT5;
				INFOPLIST_FILE = wuakiTests/resources/configuration/Info.plist;
				LD_RUNPATH_SEARCH_PATHS = "$(inherited) @executable_path/Frameworks @loader_path/Frameworks";
				PRODUCT_BUNDLE_IDENTIFIER = com.openinput.wuakiTests;
				PRODUCT_NAME = "$(TARGET_NAME)";
				TEST_HOST = "$(BUILT_PRODUCTS_DIR)/wuaki.app/wuaki";
			};
			name = Debug;
		};
		1D97270F1E8E624E00E8917D /* Release */ = {
			isa = XCBuildConfiguration;
			baseConfigurationReference = AD9ED6B6C93C6FEA8FA44E59 /* Pods-wuakiTests.release.xcconfig */;
			buildSettings = {
				BUNDLE_LOADER = "$(TEST_HOST)";
				DEVELOPMENT_TEAM = AH2VYU3NT5;
				INFOPLIST_FILE = wuakiTests/resources/configuration/Info.plist;
				LD_RUNPATH_SEARCH_PATHS = "$(inherited) @executable_path/Frameworks @loader_path/Frameworks";
				PRODUCT_BUNDLE_IDENTIFIER = com.openinput.wuakiTests;
				PRODUCT_NAME = "$(TARGET_NAME)";
				TEST_HOST = "$(BUILT_PRODUCTS_DIR)/wuaki.app/wuaki";
			};
			name = Release;
		};
		1D9727111E8E624E00E8917D /* Debug */ = {
			isa = XCBuildConfiguration;
			buildSettings = {
				DEVELOPMENT_TEAM = AH2VYU3NT5;
				INFOPLIST_FILE = wuakiUITests/resources/configuration/Info.plist;
				LD_RUNPATH_SEARCH_PATHS = "$(inherited) @executable_path/Frameworks @loader_path/Frameworks";
				PRODUCT_BUNDLE_IDENTIFIER = com.openinput.wuakiUITests;
				PRODUCT_NAME = "$(TARGET_NAME)";
				TEST_TARGET_NAME = wuaki;
			};
			name = Debug;
		};
		1D9727121E8E624E00E8917D /* Release */ = {
			isa = XCBuildConfiguration;
			buildSettings = {
				DEVELOPMENT_TEAM = AH2VYU3NT5;
				INFOPLIST_FILE = wuakiUITests/resources/configuration/Info.plist;
				LD_RUNPATH_SEARCH_PATHS = "$(inherited) @executable_path/Frameworks @loader_path/Frameworks";
				PRODUCT_BUNDLE_IDENTIFIER = com.openinput.wuakiUITests;
				PRODUCT_NAME = "$(TARGET_NAME)";
				TEST_TARGET_NAME = wuaki;
			};
			name = Release;
		};
/* End XCBuildConfiguration section */

/* Begin XCConfigurationList section */
		1D9726D51E8E624D00E8917D /* Build configuration list for PBXProject "wuaki" */ = {
			isa = XCConfigurationList;
			buildConfigurations = (
				1D9727081E8E624E00E8917D /* Debug */,
				1D9727091E8E624E00E8917D /* Release */,
			);
			defaultConfigurationIsVisible = 0;
			defaultConfigurationName = Release;
		};
		1D97270A1E8E624E00E8917D /* Build configuration list for PBXNativeTarget "wuaki" */ = {
			isa = XCConfigurationList;
			buildConfigurations = (
				1D97270B1E8E624E00E8917D /* Debug */,
				1D97270C1E8E624E00E8917D /* Release */,
			);
			defaultConfigurationIsVisible = 0;
			defaultConfigurationName = Release;
		};
		1D97270D1E8E624E00E8917D /* Build configuration list for PBXNativeTarget "wuakiTests" */ = {
			isa = XCConfigurationList;
			buildConfigurations = (
				1D97270E1E8E624E00E8917D /* Debug */,
				1D97270F1E8E624E00E8917D /* Release */,
			);
			defaultConfigurationIsVisible = 0;
			defaultConfigurationName = Release;
		};
		1D9727101E8E624E00E8917D /* Build configuration list for PBXNativeTarget "wuakiUITests" */ = {
			isa = XCConfigurationList;
			buildConfigurations = (
				1D9727111E8E624E00E8917D /* Debug */,
				1D9727121E8E624E00E8917D /* Release */,
			);
			defaultConfigurationIsVisible = 0;
			defaultConfigurationName = Release;
		};
/* End XCConfigurationList section */
	};
	rootObject = 1D9726D21E8E624D00E8917D /* Project object */;
}
